PODS:
  - TGCameraViewController (2.2.7)

DEPENDENCIES:
  - TGCameraViewController (from `./`)

EXTERNAL SOURCES:
  TGCameraViewController:
    :path: ./

SPEC CHECKSUMS:
  TGCameraViewController: 2e1ca4c286f643df01c70c478422814ed025e4a7

PODFILE CHECKSUM: 3f839a55f743d5cb1cc5caac0fda42b49ec44660

COCOAPODS: 1.0.1
