PODS:
  - TGCameraViewController (2.2.6)

DEPENDENCIES:
  - TGCameraViewController (from `./`)

EXTERNAL SOURCES:
  TGCameraViewController:
    :path: ./

SPEC CHECKSUMS:
  TGCameraViewController: 167f47b0257993a713ea4fac25c6084edacfbf85

PODFILE CHECKSUM: 9d21569b2232cc8cf45bb58b0ba451cf5ed5c2fe

COCOAPODS: 1.0.1
